
Microsoft Visual Studio Solution File, Format Version 12.00
# Visual Studio Version 17
VisualStudioVersion = 17.9.34723.18
MinimumVisualStudioVersion = 10.0.40219.1
Project("{8BC9CEB8-8B4A-11D0-8D11-00A0C91BC942}") = "OnlineChat", "OnlineChat.vcxproj", "{9EBFAEC9-5857-4114-908C-EC6B45726860}"
EndProject
Global
	GlobalSection(SolutionConfigurationPlatforms) = preSolution
		Debug|x64 = Debug|x64
		Debug|x86 = Debug|x86
		Release|x64 = Release|x64
		Release|x86 = Release|x86
	EndGlobalSection
	GlobalSection(ProjectConfigurationPlatforms) = postSolution
		{9EBFAEC9-5857-4114-908C-EC6B45726860}.Debug|x64.ActiveCfg = Debug|x64
		{9EBFAEC9-5857-4114-908C-EC6B45726860}.Debug|x64.Build.0 = Debug|x64
		{9EBFAEC9-5857-4114-908C-EC6B45726860}.Debug|x86.ActiveCfg = Debug|Win32
		{9EBFAEC9-5857-4114-908C-EC6B45726860}.Debug|x86.Build.0 = Debug|Win32
		{9EBFAEC9-5857-4114-908C-EC6B45726860}.Release|x64.ActiveCfg = Release|x64
		{9EBFAEC9-5857-4114-908C-EC6B45726860}.Release|x64.Build.0 = Release|x64
		{9EBFAEC9-5857-4114-908C-EC6B45726860}.Release|x86.ActiveCfg = Release|Win32
		{9EBFAEC9-5857-4114-908C-EC6B45726860}.Release|x86.Build.0 = Release|Win32
	EndGlobalSection
	GlobalSection(SolutionProperties) = preSolution
		HideSolutionNode = FALSE
	EndGlobalSection
	GlobalSection(ExtensibilityGlobals) = postSolution
		SolutionGuid = {59A8C85F-0407-42F3-A065-97C68621DB24}
	EndGlobalSection
EndGlobal
